
Microsoft Visual Studio Solution File, Format Version 12.00
# Visual Studio Version 16
VisualStudioVersion = 16.0.30503.244
MinimumVisualStudioVersion = 10.0.40219.1
Project("{FAE04EC0-301F-11D3-BF4B-00C04F79EFBC}") = "HardProj", "HardProj.csproj", "{E3949C7F-0A65-46BF-8FE9-29C650A9B339}"
EndProject
Global
	GlobalSection(SolutionConfigurationPlatforms) = preSolution
		Debug|Any CPU = Debug|Any CPU
		Release|Any CPU = Release|Any CPU
	EndGlobalSection
	GlobalSection(ProjectConfigurationPlatforms) = postSolution
		{E3949C7F-0A65-46BF-8FE9-29C650A9B339}.Debug|Any CPU.ActiveCfg = Debug|Any CPU
		{E3949C7F-0A65-46BF-8FE9-29C650A9B339}.Debug|Any CPU.Build.0 = Debug|Any CPU
		{E3949C7F-0A65-46BF-8FE9-29C650A9B339}.Release|Any CPU.ActiveCfg = Release|Any CPU
		{E3949C7F-0A65-46BF-8FE9-29C650A9B339}.Release|Any CPU.Build.0 = Release|Any CPU
	EndGlobalSection
	GlobalSection(SolutionProperties) = preSolution
		HideSolutionNode = FALSE
	EndGlobalSection
	GlobalSection(ExtensibilityGlobals) = postSolution
		SolutionGuid = {59A96DCD-DE06-4A87-B862-AE281377AA34}
	EndGlobalSection
EndGlobal
